
Microsoft Visual Studio Solution File, Format Version 12.00
# Visual Studio Version 17
VisualStudioVersion = 17.5.002.0
MinimumVisualStudioVersion = 10.0.40219.1
Project("{9A19103F-16F7-4668-BE54-9A1E7A4F7556}") = "tl1-proyectofinal2024-yahel8666", "tl1-proyectofinal2024-yahel8666.csproj", "{1BDF3978-FE80-46A7-888C-D88212870EE3}"
EndProject
Global
	GlobalSection(SolutionConfigurationPlatforms) = preSolution
		Debug|Any CPU = Debug|Any CPU
		Release|Any CPU = Release|Any CPU
	EndGlobalSection
	GlobalSection(ProjectConfigurationPlatforms) = postSolution
		{1BDF3978-FE80-46A7-888C-D88212870EE3}.Debug|Any CPU.ActiveCfg = Debug|Any CPU
		{1BDF3978-FE80-46A7-888C-D88212870EE3}.Debug|Any CPU.Build.0 = Debug|Any CPU
		{1BDF3978-FE80-46A7-888C-D88212870EE3}.Release|Any CPU.ActiveCfg = Release|Any CPU
		{1BDF3978-FE80-46A7-888C-D88212870EE3}.Release|Any CPU.Build.0 = Release|Any CPU
	EndGlobalSection
	GlobalSection(SolutionProperties) = preSolution
		HideSolutionNode = FALSE
	EndGlobalSection
	GlobalSection(ExtensibilityGlobals) = postSolution
		SolutionGuid = {CC8151CB-35DB-4225-9485-20752498152A}
	EndGlobalSection
EndGlobal
